Microsoft Visual Studio Solution File, Format Version 12.00
# Visual Studio 15
Project("{8BC9CEB8-8B4A-11D0-8D11-00A0C91BC942}") = "ALL_BUILD", "ALL_BUILD.vcxproj", "{2BFB8219-101C-3EED-BD02-D3DD1AD9DFAF}"
	ProjectSection(ProjectDependencies) = postProject
		{A664BE1E-37ED-394C-B18C-FE874C807DD0} = {A664BE1E-37ED-394C-B18C-FE874C807DD0}
		{B16BA03E-F6FF-3452-A6EC-609C86A17CF5} = {B16BA03E-F6FF-3452-A6EC-609C86A17CF5}
		{18735949-1B01-34B9-9EAE-238D53D9EA1C} = {18735949-1B01-34B9-9EAE-238D53D9EA1C}
		{42454AEF-8A2A-3F9B-A4D2-86EB2AC6B42D} = {42454AEF-8A2A-3F9B-A4D2-86EB2AC6B42D}
		{2F3F7C90-6CCC-3257-9AE1-12F5243B428C} = {2F3F7C90-6CCC-3257-9AE1-12F5243B428C}
		{4F6106FA-C97C-3A9F-9450-C7A9D72CD5B4} = {4F6106FA-C97C-3A9F-9450-C7A9D72CD5B4}
		{5F27E56C-C314-33A3-840D-5F68852D364B} = {5F27E56C-C314-33A3-840D-5F68852D364B}
	EndProjectSection
EndProject
Project("{8BC9CEB8-8B4A-11D0-8D11-00A0C91BC942}") = "Buffer", "Buffers\Buffer.vcxproj", "{A664BE1E-37ED-394C-B18C-FE874C807DD0}"
	ProjectSection(ProjectDependencies) = postProject
		{18735949-1B01-34B9-9EAE-238D53D9EA1C} = {18735949-1B01-34B9-9EAE-238D53D9EA1C}
	EndProjectSection
EndProject
Project("{8BC9CEB8-8B4A-11D0-8D11-00A0C91BC942}") = "INSTALL", "INSTALL.vcxproj", "{01610001-4D16-313E-B831-0DD4211AC2B6}"
	ProjectSection(ProjectDependencies) = postProject
		{2BFB8219-101C-3EED-BD02-D3DD1AD9DFAF} = {2BFB8219-101C-3EED-BD02-D3DD1AD9DFAF}
		{18735949-1B01-34B9-9EAE-238D53D9EA1C} = {18735949-1B01-34B9-9EAE-238D53D9EA1C}
	EndProjectSection
EndProject
Project("{8BC9CEB8-8B4A-11D0-8D11-00A0C91BC942}") = "RL_interface_driver", "RL_interface_driver.vcxproj", "{B16BA03E-F6FF-3452-A6EC-609C86A17CF5}"
	ProjectSection(ProjectDependencies) = postProject
		{A664BE1E-37ED-394C-B18C-FE874C807DD0} = {A664BE1E-37ED-394C-B18C-FE874C807DD0}
		{18735949-1B01-34B9-9EAE-238D53D9EA1C} = {18735949-1B01-34B9-9EAE-238D53D9EA1C}
		{2F3F7C90-6CCC-3257-9AE1-12F5243B428C} = {2F3F7C90-6CCC-3257-9AE1-12F5243B428C}
	EndProjectSection
EndProject
Project("{8BC9CEB8-8B4A-11D0-8D11-00A0C91BC942}") = "ZERO_CHECK", "ZERO_CHECK.vcxproj", "{18735949-1B01-34B9-9EAE-238D53D9EA1C}"
	ProjectSection(ProjectDependencies) = postProject
	EndProjectSection
EndProject
Project("{8BC9CEB8-8B4A-11D0-8D11-00A0C91BC942}") = "cudaDeconv", "cudaDeconv.vcxproj", "{42454AEF-8A2A-3F9B-A4D2-86EB2AC6B42D}"
	ProjectSection(ProjectDependencies) = postProject
		{A664BE1E-37ED-394C-B18C-FE874C807DD0} = {A664BE1E-37ED-394C-B18C-FE874C807DD0}
		{18735949-1B01-34B9-9EAE-238D53D9EA1C} = {18735949-1B01-34B9-9EAE-238D53D9EA1C}
	EndProjectSection
EndProject
Project("{8BC9CEB8-8B4A-11D0-8D11-00A0C91BC942}") = "libcudaDeconv", "libcudaDeconv.vcxproj", "{2F3F7C90-6CCC-3257-9AE1-12F5243B428C}"
	ProjectSection(ProjectDependencies) = postProject
		{A664BE1E-37ED-394C-B18C-FE874C807DD0} = {A664BE1E-37ED-394C-B18C-FE874C807DD0}
		{18735949-1B01-34B9-9EAE-238D53D9EA1C} = {18735949-1B01-34B9-9EAE-238D53D9EA1C}
	EndProjectSection
EndProject
Project("{8BC9CEB8-8B4A-11D0-8D11-00A0C91BC942}") = "otfviewer", "otfviewer.vcxproj", "{4F6106FA-C97C-3A9F-9450-C7A9D72CD5B4}"
	ProjectSection(ProjectDependencies) = postProject
		{18735949-1B01-34B9-9EAE-238D53D9EA1C} = {18735949-1B01-34B9-9EAE-238D53D9EA1C}
	EndProjectSection
EndProject
Project("{8BC9CEB8-8B4A-11D0-8D11-00A0C91BC942}") = "radialft", "radialft.vcxproj", "{5F27E56C-C314-33A3-840D-5F68852D364B}"
	ProjectSection(ProjectDependencies) = postProject
		{18735949-1B01-34B9-9EAE-238D53D9EA1C} = {18735949-1B01-34B9-9EAE-238D53D9EA1C}
	EndProjectSection
EndProject
Global
	GlobalSection(SolutionConfigurationPlatforms) = preSolution
		Debug|x64 = Debug|x64
		Release|x64 = Release|x64
		MinSizeRel|x64 = MinSizeRel|x64
		RelWithDebInfo|x64 = RelWithDebInfo|x64
	EndGlobalSection
	GlobalSection(ProjectConfigurationPlatforms) = postSolution
		{2BFB8219-101C-3EED-BD02-D3DD1AD9DFAF}.Debug|x64.ActiveCfg = Debug|x64
		{2BFB8219-101C-3EED-BD02-D3DD1AD9DFAF}.Debug|x64.Build.0 = Debug|x64
		{2BFB8219-101C-3EED-BD02-D3DD1AD9DFAF}.Release|x64.ActiveCfg = Release|x64
		{2BFB8219-101C-3EED-BD02-D3DD1AD9DFAF}.Release|x64.Build.0 = Release|x64
		{2BFB8219-101C-3EED-BD02-D3DD1AD9DFAF}.MinSizeRel|x64.ActiveCfg = MinSizeRel|x64
		{2BFB8219-101C-3EED-BD02-D3DD1AD9DFAF}.MinSizeRel|x64.Build.0 = MinSizeRel|x64
		{2BFB8219-101C-3EED-BD02-D3DD1AD9DFAF}.RelWithDebInfo|x64.ActiveCfg = RelWithDebInfo|x64
		{2BFB8219-101C-3EED-BD02-D3DD1AD9DFAF}.RelWithDebInfo|x64.Build.0 = RelWithDebInfo|x64
		{A664BE1E-37ED-394C-B18C-FE874C807DD0}.Debug|x64.ActiveCfg = Debug|x64
		{A664BE1E-37ED-394C-B18C-FE874C807DD0}.Debug|x64.Build.0 = Debug|x64
		{A664BE1E-37ED-394C-B18C-FE874C807DD0}.Release|x64.ActiveCfg = Release|x64
		{A664BE1E-37ED-394C-B18C-FE874C807DD0}.Release|x64.Build.0 = Release|x64
		{A664BE1E-37ED-394C-B18C-FE874C807DD0}.MinSizeRel|x64.ActiveCfg = MinSizeRel|x64
		{A664BE1E-37ED-394C-B18C-FE874C807DD0}.MinSizeRel|x64.Build.0 = MinSizeRel|x64
		{A664BE1E-37ED-394C-B18C-FE874C807DD0}.RelWithDebInfo|x64.ActiveCfg = RelWithDebInfo|x64
		{A664BE1E-37ED-394C-B18C-FE874C807DD0}.RelWithDebInfo|x64.Build.0 = RelWithDebInfo|x64
		{01610001-4D16-313E-B831-0DD4211AC2B6}.Debug|x64.ActiveCfg = Debug|x64
		{01610001-4D16-313E-B831-0DD4211AC2B6}.Release|x64.ActiveCfg = Release|x64
		{01610001-4D16-313E-B831-0DD4211AC2B6}.MinSizeRel|x64.ActiveCfg = MinSizeRel|x64
		{01610001-4D16-313E-B831-0DD4211AC2B6}.RelWithDebInfo|x64.ActiveCfg = RelWithDebInfo|x64
		{B16BA03E-F6FF-3452-A6EC-609C86A17CF5}.Debug|x64.ActiveCfg = Debug|x64
		{B16BA03E-F6FF-3452-A6EC-609C86A17CF5}.Debug|x64.Build.0 = Debug|x64
		{B16BA03E-F6FF-3452-A6EC-609C86A17CF5}.Release|x64.ActiveCfg = Release|x64
		{B16BA03E-F6FF-3452-A6EC-609C86A17CF5}.Release|x64.Build.0 = Release|x64
		{B16BA03E-F6FF-3452-A6EC-609C86A17CF5}.MinSizeRel|x64.ActiveCfg = MinSizeRel|x64
		{B16BA03E-F6FF-3452-A6EC-609C86A17CF5}.MinSizeRel|x64.Build.0 = MinSizeRel|x64
		{B16BA03E-F6FF-3452-A6EC-609C86A17CF5}.RelWithDebInfo|x64.ActiveCfg = RelWithDebInfo|x64
		{B16BA03E-F6FF-3452-A6EC-609C86A17CF5}.RelWithDebInfo|x64.Build.0 = RelWithDebInfo|x64
		{18735949-1B01-34B9-9EAE-238D53D9EA1C}.Debug|x64.ActiveCfg = Debug|x64
		{18735949-1B01-34B9-9EAE-238D53D9EA1C}.Debug|x64.Build.0 = Debug|x64
		{18735949-1B01-34B9-9EAE-238D53D9EA1C}.Release|x64.ActiveCfg = Release|x64
		{18735949-1B01-34B9-9EAE-238D53D9EA1C}.Release|x64.Build.0 = Release|x64
		{18735949-1B01-34B9-9EAE-238D53D9EA1C}.MinSizeRel|x64.ActiveCfg = MinSizeRel|x64
		{18735949-1B01-34B9-9EAE-238D53D9EA1C}.MinSizeRel|x64.Build.0 = MinSizeRel|x64
		{18735949-1B01-34B9-9EAE-238D53D9EA1C}.RelWithDebInfo|x64.ActiveCfg = RelWithDebInfo|x64
		{18735949-1B01-34B9-9EAE-238D53D9EA1C}.RelWithDebInfo|x64.Build.0 = RelWithDebInfo|x64
		{42454AEF-8A2A-3F9B-A4D2-86EB2AC6B42D}.Debug|x64.ActiveCfg = Debug|x64
		{42454AEF-8A2A-3F9B-A4D2-86EB2AC6B42D}.Debug|x64.Build.0 = Debug|x64
		{42454AEF-8A2A-3F9B-A4D2-86EB2AC6B42D}.Release|x64.ActiveCfg = Release|x64
		{42454AEF-8A2A-3F9B-A4D2-86EB2AC6B42D}.Release|x64.Build.0 = Release|x64
		{42454AEF-8A2A-3F9B-A4D2-86EB2AC6B42D}.MinSizeRel|x64.ActiveCfg = MinSizeRel|x64
		{42454AEF-8A2A-3F9B-A4D2-86EB2AC6B42D}.MinSizeRel|x64.Build.0 = MinSizeRel|x64
		{42454AEF-8A2A-3F9B-A4D2-86EB2AC6B42D}.RelWithDebInfo|x64.ActiveCfg = RelWithDebInfo|x64
		{42454AEF-8A2A-3F9B-A4D2-86EB2AC6B42D}.RelWithDebInfo|x64.Build.0 = RelWithDebInfo|x64
		{2F3F7C90-6CCC-3257-9AE1-12F5243B428C}.Debug|x64.ActiveCfg = Debug|x64
		{2F3F7C90-6CCC-3257-9AE1-12F5243B428C}.Debug|x64.Build.0 = Debug|x64
		{2F3F7C90-6CCC-3257-9AE1-12F5243B428C}.Release|x64.ActiveCfg = Release|x64
		{2F3F7C90-6CCC-3257-9AE1-12F5243B428C}.Release|x64.Build.0 = Release|x64
		{2F3F7C90-6CCC-3257-9AE1-12F5243B428C}.MinSizeRel|x64.ActiveCfg = MinSizeRel|x64
		{2F3F7C90-6CCC-3257-9AE1-12F5243B428C}.MinSizeRel|x64.Build.0 = MinSizeRel|x64
		{2F3F7C90-6CCC-3257-9AE1-12F5243B428C}.RelWithDebInfo|x64.ActiveCfg = RelWithDebInfo|x64
		{2F3F7C90-6CCC-3257-9AE1-12F5243B428C}.RelWithDebInfo|x64.Build.0 = RelWithDebInfo|x64
		{4F6106FA-C97C-3A9F-9450-C7A9D72CD5B4}.Debug|x64.ActiveCfg = Debug|x64
		{4F6106FA-C97C-3A9F-9450-C7A9D72CD5B4}.Debug|x64.Build.0 = Debug|x64
		{4F6106FA-C97C-3A9F-9450-C7A9D72CD5B4}.Release|x64.ActiveCfg = Release|x64
		{4F6106FA-C97C-3A9F-9450-C7A9D72CD5B4}.Release|x64.Build.0 = Release|x64
		{4F6106FA-C97C-3A9F-9450-C7A9D72CD5B4}.MinSizeRel|x64.ActiveCfg = MinSizeRel|x64
		{4F6106FA-C97C-3A9F-9450-C7A9D72CD5B4}.MinSizeRel|x64.Build.0 = MinSizeRel|x64
		{4F6106FA-C97C-3A9F-9450-C7A9D72CD5B4}.RelWithDebInfo|x64.ActiveCfg = RelWithDebInfo|x64
		{4F6106FA-C97C-3A9F-9450-C7A9D72CD5B4}.RelWithDebInfo|x64.Build.0 = RelWithDebInfo|x64
		{5F27E56C-C314-33A3-840D-5F68852D364B}.Debug|x64.ActiveCfg = Debug|x64
		{5F27E56C-C314-33A3-840D-5F68852D364B}.Debug|x64.Build.0 = Debug|x64
		{5F27E56C-C314-33A3-840D-5F68852D364B}.Release|x64.ActiveCfg = Release|x64
		{5F27E56C-C314-33A3-840D-5F68852D364B}.Release|x64.Build.0 = Release|x64
		{5F27E56C-C314-33A3-840D-5F68852D364B}.MinSizeRel|x64.ActiveCfg = MinSizeRel|x64
		{5F27E56C-C314-33A3-840D-5F68852D364B}.MinSizeRel|x64.Build.0 = MinSizeRel|x64
		{5F27E56C-C314-33A3-840D-5F68852D364B}.RelWithDebInfo|x64.ActiveCfg = RelWithDebInfo|x64
		{5F27E56C-C314-33A3-840D-5F68852D364B}.RelWithDebInfo|x64.Build.0 = RelWithDebInfo|x64
	EndGlobalSection
	GlobalSection(ExtensibilityGlobals) = postSolution
		SolutionGuid = {6A2EC9EF-FACC-388D-A3CA-EBC0D7B25F5A}
	EndGlobalSection
	GlobalSection(ExtensibilityAddIns) = postSolution
	EndGlobalSection
EndGlobal
